// !$*UTF8*$!
{
	archiveVersion = 1;
	classes = {
	};
	objectVersion = 46;
	objects = {

/* Begin PBXBuildFile section */
		5B9F01AA17CFA39800FDD690 /* Foundation.framework in Frameworks */ = {isa = PBXBuildFile; fileRef = 5B9F01A917CFA39800FDD690 /* Foundation.framework */; };
		5B9F01B717CFA44700FDD690 /* AvlTree.m in Sources */ = {isa = PBXBuildFile; fileRef = BACDDFF9100AF6E1004CFB3C /* AvlTree.m */; settings = {COMPILER_FLAGS = "-fno-objc-arc"; }; };
		5B9F01B917CFA44700FDD690 /* AvlTree+Private.m in Sources */ = {isa = PBXBuildFile; fileRef = BACDE11410103C15004CFB3C /* AvlTree+Private.m */; settings = {COMPILER_FLAGS = "-fno-objc-arc"; }; };
		5B9F01BD17CFA44700FDD690 /* Node.m in Sources */ = {isa = PBXBuildFile; fileRef = BACDE004100AF6E1004CFB3C /* Node.m */; settings = {COMPILER_FLAGS = "-fno-objc-arc"; }; };
		5B9F01BF17CFA44700FDD690 /* NSString+Base64.m in Sources */ = {isa = PBXBuildFile; fileRef = BACDE4F21013BD22004CFB3C /* NSString+Base64.m */; settings = {COMPILER_FLAGS = "-fno-objc-arc"; }; };
		5B9F01C117CFA44700FDD690 /* NSString+Indent.m in Sources */ = {isa = PBXBuildFile; fileRef = BACDE006100AF6E1004CFB3C /* NSString+Indent.m */; settings = {COMPILER_FLAGS = "-fno-objc-arc"; }; };
		5B9F01C317CFA44700FDD690 /* SortedDictionary+Private.m in Sources */ = {isa = PBXBuildFile; fileRef = BACDE008100AF6E1004CFB3C /* SortedDictionary+Private.m */; settings = {COMPILER_FLAGS = "-fno-objc-arc"; }; };
		5B9F01C517CFA44D00FDD690 /* PropertyListReader.m in Sources */ = {isa = PBXBuildFile; fileRef = BACDE46A10129796004CFB3C /* PropertyListReader.m */; settings = {COMPILER_FLAGS = "-fno-objc-arc"; }; };
		5B9F01C717CFA44D00FDD690 /* PropertyListWriter.m in Sources */ = {isa = PBXBuildFile; fileRef = BACDE6A010157558004CFB3C /* PropertyListWriter.m */; settings = {COMPILER_FLAGS = "-fno-objc-arc"; }; };
		5B9F01C917CFA45200FDD690 /* KeyEnumerator.m in Sources */ = {isa = PBXBuildFile; fileRef = BACDDFFE100AF6E1004CFB3C /* KeyEnumerator.m */; settings = {COMPILER_FLAGS = "-fno-objc-arc"; }; };
		5B9F01CB17CFA45200FDD690 /* EntryEnumerator.m in Sources */ = {isa = PBXBuildFile; fileRef = BACDE000100AF6E1004CFB3C /* EntryEnumerator.m */; settings = {COMPILER_FLAGS = "-fno-objc-arc"; }; };
		5B9F01CD17CFA45200FDD690 /* EntryEnumerator+Private.m in Sources */ = {isa = PBXBuildFile; fileRef = BACDE2671011894E004CFB3C /* EntryEnumerator+Private.m */; settings = {COMPILER_FLAGS = "-fno-objc-arc"; }; };
		5B9F01CF17CFA45200FDD690 /* ObjectEnumerator.m in Sources */ = {isa = PBXBuildFile; fileRef = BACDE002100AF6E1004CFB3C /* ObjectEnumerator.m */; settings = {COMPILER_FLAGS = "-fno-objc-arc"; }; };
		5B9F01D117CFA45900FDD690 /* MutableSortedDictionary.m in Sources */ = {isa = PBXBuildFile; fileRef = BACDE00B100AF6E1004CFB3C /* MutableSortedDictionary.m */; settings = {COMPILER_FLAGS = "-fno-objc-arc"; }; };
		5B9F01D317CFA45900FDD690 /* SortedDictionary.m in Sources */ = {isa = PBXBuildFile; fileRef = BACDE00F100AF6E1004CFB3C /* SortedDictionary.m */; settings = {COMPILER_FLAGS = "-fno-objc-arc"; }; };
		5B9F01D517D0812900FDD690 /* common.m in Sources */ = {isa = PBXBuildFile; fileRef = BACDE3E610124985004CFB3C /* common.m */; settings = {COMPILER_FLAGS = "-fno-objc-arc"; }; };
		5B9F01D717D0853000FDD690 /* MutableSortedDictionary.h in Headers */ = {isa = PBXBuildFile; fileRef = BACDE00A100AF6E1004CFB3C /* MutableSortedDictionary.h */; settings = {ATTRIBUTES = (Public, ); }; };
		5B9F01D817D0853000FDD690 /* SortedDictionary.h in Headers */ = {isa = PBXBuildFile; fileRef = BACDE00E100AF6E1004CFB3C /* SortedDictionary.h */; settings = {ATTRIBUTES = (Public, ); }; };
		5B9F01D917D0853000FDD690 /* SortedDictionaryEntry.h in Headers */ = {isa = PBXBuildFile; fileRef = BACDE2111011834C004CFB3C /* SortedDictionaryEntry.h */; settings = {ATTRIBUTES = (Public, ); }; };
		5B9F01E417D08D5900FDD690 /* Foundation.framework in Frameworks */ = {isa = PBXBuildFile; fileRef = 5B9F01A917CFA39800FDD690 /* Foundation.framework */; };
		5B9F01EA17D08D5900FDD690 /* InfoPlist.strings in Resources */ = {isa = PBXBuildFile; fileRef = 5B9F01E817D08D5900FDD690 /* InfoPlist.strings */; };
		5B9F020317D08DCE00FDD690 /* MutableSortedDictionaryContentTests.m in Sources */ = {isa = PBXBuildFile; fileRef = 5B9F01F417D08DCD00FDD690 /* MutableSortedDictionaryContentTests.m */; settings = {COMPILER_FLAGS = "-fno-objc-arc"; }; };
		5B9F020417D08DCE00FDD690 /* NSStringExtensionsTests.m in Sources */ = {isa = PBXBuildFile; fileRef = 5B9F01F617D08DCE00FDD690 /* NSStringExtensionsTests.m */; settings = {COMPILER_FLAGS = "-fno-objc-arc"; }; };
		5B9F020517D08DCE00FDD690 /* SortedDictionary+Test.m in Sources */ = {isa = PBXBuildFile; fileRef = 5B9F01F817D08DCE00FDD690 /* SortedDictionary+Test.m */; settings = {COMPILER_FLAGS = "-fno-objc-arc"; }; };
		5B9F020617D08DCE00FDD690 /* SortedDictionaryContentTests.m in Sources */ = {isa = PBXBuildFile; fileRef = 5B9F01FA17D08DCE00FDD690 /* SortedDictionaryContentTests.m */; settings = {COMPILER_FLAGS = "-fno-objc-arc"; }; };
		5B9F020717D08DCE00FDD690 /* SortedDictionaryCreationTests.m in Sources */ = {isa = PBXBuildFile; fileRef = 5B9F01FC17D08DCE00FDD690 /* SortedDictionaryCreationTests.m */; settings = {COMPILER_FLAGS = "-fno-objc-arc"; }; };
		5B9F020817D08DCE00FDD690 /* SortedDictionaryInitializationTests.m in Sources */ = {isa = PBXBuildFile; fileRef = 5B9F01FE17D08DCE00FDD690 /* SortedDictionaryInitializationTests.m */; settings = {COMPILER_FLAGS = "-fno-objc-arc"; }; };
		5B9F020917D08DCE00FDD690 /* SortedDictionaryProtocolTests.m in Sources */ = {isa = PBXBuildFile; fileRef = 5B9F020017D08DCE00FDD690 /* SortedDictionaryProtocolTests.m */; settings = {COMPILER_FLAGS = "-fno-objc-arc"; }; };
		5B9F020A17D08DCE00FDD690 /* SortedDictionarySerializationTests.m in Sources */ = {isa = PBXBuildFile; fileRef = 5B9F020217D08DCE00FDD690 /* SortedDictionarySerializationTests.m */; settings = {COMPILER_FLAGS = "-fno-objc-arc"; }; };
		5B9F020C17D08FF000FDD690 /* SenTestingKit.framework in Frameworks */ = {isa = PBXBuildFile; fileRef = 5B9F020B17D08FEF00FDD690 /* SenTestingKit.framework */; };
		5B9F020D17D090FC00FDD690 /* libSortedDictionary.a in Frameworks */ = {isa = PBXBuildFile; fileRef = 5B9F01A717CFA39800FDD690 /* libSortedDictionary.a */; };
		5B9F021217D0923400FDD690 /* UIKit.framework in Frameworks */ = {isa = PBXBuildFile; fileRef = 5B9F021117D0923300FDD690 /* UIKit.framework */; };
		5B9F021517D0932300FDD690 /* SortedDictionaryAdditions.m in Sources */ = {isa = PBXBuildFile; fileRef = 5B9F021417D0932200FDD690 /* SortedDictionaryAdditions.m */; };
		5B9F021617D09C3200FDD690 /* test.plist in Resources */ = {isa = PBXBuildFile; fileRef = BACDE40A10125302004CFB3C /* test.plist */; };
/* End PBXBuildFile section */

/* Begin PBXCopyFilesBuildPhase section */
		5B9F01A517CFA39800FDD690 /* CopyFiles */ = {
			isa = PBXCopyFilesBuildPhase;
			buildActionMask = 2147483647;
			dstPath = "include/${PRODUCT_NAME}";
			dstSubfolderSpec = 16;
			files = (
			);
			runOnlyForDeploymentPostprocessing = 0;
		};
/* End PBXCopyFilesBuildPhase section */

/* Begin PBXFileReference section */
		089C1667FE841158C02AAC07 /* English */ = {isa = PBXFileReference; fileEncoding = 10; lastKnownFileType = text.plist.strings; name = English; path = English.lproj/InfoPlist.strings; sourceTree = "<group>"; };
		5B9F01A717CFA39800FDD690 /* libSortedDictionary.a */ = {isa = PBXFileReference; explicitFileType = archive.ar; includeInIndex = 0; path = libSortedDictionary.a; sourceTree = BUILT_PRODUCTS_DIR; };
		5B9F01A917CFA39800FDD690 /* Foundation.framework */ = {isa = PBXFileReference; lastKnownFileType = wrapper.framework; name = Foundation.framework; path = System/Library/Frameworks/Foundation.framework; sourceTree = SDKROOT; };
		5B9F01AD17CFA39800FDD690 /* SortedDictionary-Prefix.pch */ = {isa = PBXFileReference; lastKnownFileType = sourcecode.c.h; path = "SortedDictionary-Prefix.pch"; sourceTree = "<group>"; };
		5B9F01DF17D08D5900FDD690 /* SortedDictionaryUnitTests.octest */ = {isa = PBXFileReference; explicitFileType = wrapper.cfbundle; includeInIndex = 0; path = SortedDictionaryUnitTests.octest; sourceTree = BUILT_PRODUCTS_DIR; };
		5B9F01E717D08D5900FDD690 /* SortedDictionaryUnitTests-Info.plist */ = {isa = PBXFileReference; lastKnownFileType = text.plist.xml; path = "SortedDictionaryUnitTests-Info.plist"; sourceTree = "<group>"; };
		5B9F01E917D08D5900FDD690 /* en */ = {isa = PBXFileReference; lastKnownFileType = text.plist.strings; name = en; path = en.lproj/InfoPlist.strings; sourceTree = "<group>"; };
		5B9F01EE17D08D5900FDD690 /* SortedDictionaryUnitTests-Prefix.pch */ = {isa = PBXFileReference; lastKnownFileType = sourcecode.c.h; path = "SortedDictionaryUnitTests-Prefix.pch"; sourceTree = "<group>"; };
		5B9F01F317D08DCD00FDD690 /* MutableSortedDictionaryContentTests.h */ = {isa = PBXFileReference; fileEncoding = 4; lastKnownFileType = sourcecode.c.h; path = MutableSortedDictionaryContentTests.h; sourceTree = "<group>"; };
		5B9F01F417D08DCD00FDD690 /* MutableSortedDictionaryContentTests.m */ = {isa = PBXFileReference; fileEncoding = 4; lastKnownFileType = sourcecode.c.objc; path = MutableSortedDictionaryContentTests.m; sourceTree = "<group>"; };
		5B9F01F517D08DCD00FDD690 /* NSStringExtensionsTests.h */ = {isa = PBXFileReference; fileEncoding = 4; lastKnownFileType = sourcecode.c.h; path = NSStringExtensionsTests.h; sourceTree = "<group>"; };
		5B9F01F617D08DCE00FDD690 /* NSStringExtensionsTests.m */ = {isa = PBXFileReference; fileEncoding = 4; lastKnownFileType = sourcecode.c.objc; path = NSStringExtensionsTests.m; sourceTree = "<group>"; };
		5B9F01F717D08DCE00FDD690 /* SortedDictionary+Test.h */ = {isa = PBXFileReference; fileEncoding = 4; lastKnownFileType = sourcecode.c.h; path = "SortedDictionary+Test.h"; sourceTree = "<group>"; };
		5B9F01F817D08DCE00FDD690 /* SortedDictionary+Test.m */ = {isa = PBXFileReference; fileEncoding = 4; lastKnownFileType = sourcecode.c.objc; path = "SortedDictionary+Test.m"; sourceTree = "<group>"; };
		5B9F01F917D08DCE00FDD690 /* SortedDictionaryContentTests.h */ = {isa = PBXFileReference; fileEncoding = 4; lastKnownFileType = sourcecode.c.h; path = SortedDictionaryContentTests.h; sourceTree = "<group>"; };
		5B9F01FA17D08DCE00FDD690 /* SortedDictionaryContentTests.m */ = {isa = PBXFileReference; fileEncoding = 4; lastKnownFileType = sourcecode.c.objc; path = SortedDictionaryContentTests.m; sourceTree = "<group>"; };
		5B9F01FB17D08DCE00FDD690 /* SortedDictionaryCreationTests.h */ = {isa = PBXFileReference; fileEncoding = 4; lastKnownFileType = sourcecode.c.h; path = SortedDictionaryCreationTests.h; sourceTree = "<group>"; };
		5B9F01FC17D08DCE00FDD690 /* SortedDictionaryCreationTests.m */ = {isa = PBXFileReference; fileEncoding = 4; lastKnownFileType = sourcecode.c.objc; path = SortedDictionaryCreationTests.m; sourceTree = "<group>"; };
		5B9F01FD17D08DCE00FDD690 /* SortedDictionaryInitializationTests.h */ = {isa = PBXFileReference; fileEncoding = 4; lastKnownFileType = sourcecode.c.h; path = SortedDictionaryInitializationTests.h; sourceTree = "<group>"; };
		5B9F01FE17D08DCE00FDD690 /* SortedDictionaryInitializationTests.m */ = {isa = PBXFileReference; fileEncoding = 4; lastKnownFileType = sourcecode.c.objc; path = SortedDictionaryInitializationTests.m; sourceTree = "<group>"; };
		5B9F01FF17D08DCE00FDD690 /* SortedDictionaryProtocolTests.h */ = {isa = PBXFileReference; fileEncoding = 4; lastKnownFileType = sourcecode.c.h; path = SortedDictionaryProtocolTests.h; sourceTree = "<group>"; };
		5B9F020017D08DCE00FDD690 /* SortedDictionaryProtocolTests.m */ = {isa = PBXFileReference; fileEncoding = 4; lastKnownFileType = sourcecode.c.objc; path = SortedDictionaryProtocolTests.m; sourceTree = "<group>"; };
		5B9F020117D08DCE00FDD690 /* SortedDictionarySerializationTests.h */ = {isa = PBXFileReference; fileEncoding = 4; lastKnownFileType = sourcecode.c.h; path = SortedDictionarySerializationTests.h; sourceTree = "<group>"; };
		5B9F020217D08DCE00FDD690 /* SortedDictionarySerializationTests.m */ = {isa = PBXFileReference; fileEncoding = 4; lastKnownFileType = sourcecode.c.objc; path = SortedDictionarySerializationTests.m; sourceTree = "<group>"; };
		5B9F020B17D08FEF00FDD690 /* SenTestingKit.framework */ = {isa = PBXFileReference; lastKnownFileType = wrapper.framework; name = SenTestingKit.framework; path = Library/Frameworks/SenTestingKit.framework; sourceTree = DEVELOPER_DIR; };
		5B9F021117D0923300FDD690 /* UIKit.framework */ = {isa = PBXFileReference; lastKnownFileType = wrapper.framework; name = UIKit.framework; path = System/Library/Frameworks/UIKit.framework; sourceTree = SDKROOT; };
		5B9F021317D0932200FDD690 /* SortedDictionaryAdditions.h */ = {isa = PBXFileReference; fileEncoding = 4; lastKnownFileType = sourcecode.c.h; path = SortedDictionaryAdditions.h; sourceTree = "<group>"; };
		5B9F021417D0932200FDD690 /* SortedDictionaryAdditions.m */ = {isa = PBXFileReference; fileEncoding = 4; lastKnownFileType = sourcecode.c.objc; path = SortedDictionaryAdditions.m; sourceTree = "<group>"; };
		8DC2EF5A0486A6940098B216 /* Info.plist */ = {isa = PBXFileReference; fileEncoding = 4; lastKnownFileType = text.plist.xml; path = Info.plist; sourceTree = "<group>"; };
		BACDDFF8100AF6E1004CFB3C /* AvlTree.h */ = {isa = PBXFileReference; fileEncoding = 4; lastKnownFileType = sourcecode.c.h; path = AvlTree.h; sourceTree = "<group>"; };
		BACDDFF9100AF6E1004CFB3C /* AvlTree.m */ = {isa = PBXFileReference; fileEncoding = 4; lastKnownFileType = sourcecode.c.objc; path = AvlTree.m; sourceTree = "<group>"; };
		BACDDFFD100AF6E1004CFB3C /* KeyEnumerator.h */ = {isa = PBXFileReference; fileEncoding = 4; lastKnownFileType = sourcecode.c.h; path = KeyEnumerator.h; sourceTree = "<group>"; };
		BACDDFFE100AF6E1004CFB3C /* KeyEnumerator.m */ = {isa = PBXFileReference; fileEncoding = 4; lastKnownFileType = sourcecode.c.objc; path = KeyEnumerator.m; sourceTree = "<group>"; };
		BACDDFFF100AF6E1004CFB3C /* EntryEnumerator.h */ = {isa = PBXFileReference; fileEncoding = 4; lastKnownFileType = sourcecode.c.h; path = EntryEnumerator.h; sourceTree = "<group>"; };
		BACDE000100AF6E1004CFB3C /* EntryEnumerator.m */ = {isa = PBXFileReference; fileEncoding = 4; lastKnownFileType = sourcecode.c.objc; path = EntryEnumerator.m; sourceTree = "<group>"; };
		BACDE001100AF6E1004CFB3C /* ObjectEnumerator.h */ = {isa = PBXFileReference; fileEncoding = 4; lastKnownFileType = sourcecode.c.h; path = ObjectEnumerator.h; sourceTree = "<group>"; };
		BACDE002100AF6E1004CFB3C /* ObjectEnumerator.m */ = {isa = PBXFileReference; fileEncoding = 4; lastKnownFileType = sourcecode.c.objc; path = ObjectEnumerator.m; sourceTree = "<group>"; };
		BACDE003100AF6E1004CFB3C /* Node.h */ = {isa = PBXFileReference; fileEncoding = 4; lastKnownFileType = sourcecode.c.h; path = Node.h; sourceTree = "<group>"; };
		BACDE004100AF6E1004CFB3C /* Node.m */ = {isa = PBXFileReference; fileEncoding = 4; lastKnownFileType = sourcecode.c.objc; path = Node.m; sourceTree = "<group>"; };
		BACDE005100AF6E1004CFB3C /* NSString+Indent.h */ = {isa = PBXFileReference; fileEncoding = 4; lastKnownFileType = sourcecode.c.h; path = "NSString+Indent.h"; sourceTree = "<group>"; };
		BACDE006100AF6E1004CFB3C /* NSString+Indent.m */ = {isa = PBXFileReference; fileEncoding = 4; lastKnownFileType = sourcecode.c.objc; path = "NSString+Indent.m"; sourceTree = "<group>"; };
		BACDE007100AF6E1004CFB3C /* SortedDictionary+Private.h */ = {isa = PBXFileReference; fileEncoding = 4; lastKnownFileType = sourcecode.c.h; path = "SortedDictionary+Private.h"; sourceTree = "<group>"; };
		BACDE008100AF6E1004CFB3C /* SortedDictionary+Private.m */ = {isa = PBXFileReference; fileEncoding = 4; lastKnownFileType = sourcecode.c.objc; path = "SortedDictionary+Private.m"; sourceTree = "<group>"; };
		BACDE00A100AF6E1004CFB3C /* MutableSortedDictionary.h */ = {isa = PBXFileReference; fileEncoding = 4; lastKnownFileType = sourcecode.c.h; path = MutableSortedDictionary.h; sourceTree = "<group>"; };
		BACDE00B100AF6E1004CFB3C /* MutableSortedDictionary.m */ = {isa = PBXFileReference; fileEncoding = 4; lastKnownFileType = sourcecode.c.objc; path = MutableSortedDictionary.m; sourceTree = "<group>"; };
		BACDE00E100AF6E1004CFB3C /* SortedDictionary.h */ = {isa = PBXFileReference; fileEncoding = 4; lastKnownFileType = sourcecode.c.h; path = SortedDictionary.h; sourceTree = "<group>"; };
		BACDE00F100AF6E1004CFB3C /* SortedDictionary.m */ = {isa = PBXFileReference; fileEncoding = 4; lastKnownFileType = sourcecode.c.objc; path = SortedDictionary.m; sourceTree = "<group>"; };
		BACDE02E100AF79A004CFB3C /* UnitTests-Info.plist */ = {isa = PBXFileReference; lastKnownFileType = text.plist.xml; path = "UnitTests-Info.plist"; sourceTree = "<group>"; };
		BACDE07D100AFA7F004CFB3C /* doxygen.config */ = {isa = PBXFileReference; explicitFileType = text.script; fileEncoding = 4; name = doxygen.config; path = ../doxygen.config; sourceTree = "<group>"; };
		BACDE11310103C15004CFB3C /* AvlTree+Private.h */ = {isa = PBXFileReference; fileEncoding = 4; lastKnownFileType = sourcecode.c.h; path = "AvlTree+Private.h"; sourceTree = "<group>"; };
		BACDE11410103C15004CFB3C /* AvlTree+Private.m */ = {isa = PBXFileReference; fileEncoding = 4; lastKnownFileType = sourcecode.c.objc; path = "AvlTree+Private.m"; sourceTree = "<group>"; };
		BACDE2111011834C004CFB3C /* SortedDictionaryEntry.h */ = {isa = PBXFileReference; fileEncoding = 4; lastKnownFileType = sourcecode.c.h; path = SortedDictionaryEntry.h; sourceTree = "<group>"; };
		BACDE2661011894E004CFB3C /* EntryEnumerator+Private.h */ = {isa = PBXFileReference; fileEncoding = 4; lastKnownFileType = sourcecode.c.h; path = "EntryEnumerator+Private.h"; sourceTree = "<group>"; };
		BACDE2671011894E004CFB3C /* EntryEnumerator+Private.m */ = {isa = PBXFileReference; fileEncoding = 4; lastKnownFileType = sourcecode.c.objc; path = "EntryEnumerator+Private.m"; sourceTree = "<group>"; };
		BACDE3E510124985004CFB3C /* common.h */ = {isa = PBXFileReference; fileEncoding = 4; lastKnownFileType = sourcecode.c.h; path = common.h; sourceTree = "<group>"; };
		BACDE3E610124985004CFB3C /* common.m */ = {isa = PBXFileReference; fileEncoding = 4; lastKnownFileType = sourcecode.c.objc; path = common.m; sourceTree = "<group>"; };
		BACDE40A10125302004CFB3C /* test.plist */ = {isa = PBXFileReference; fileEncoding = 4; lastKnownFileType = text.plist.xml; name = test.plist; path = UnitTests/test.plist; sourceTree = "<group>"; };
		BACDE46910129796004CFB3C /* PropertyListReader.h */ = {isa = PBXFileReference; fileEncoding = 4; lastKnownFileType = sourcecode.c.h; path = PropertyListReader.h; sourceTree = "<group>"; };
		BACDE46A10129796004CFB3C /* PropertyListReader.m */ = {isa = PBXFileReference; fileEncoding = 4; lastKnownFileType = sourcecode.c.objc; path = PropertyListReader.m; sourceTree = "<group>"; };
		BACDE4F11013BD22004CFB3C /* NSString+Base64.h */ = {isa = PBXFileReference; fileEncoding = 4; lastKnownFileType = sourcecode.c.h; path = "NSString+Base64.h"; sourceTree = "<group>"; };
		BACDE4F21013BD22004CFB3C /* NSString+Base64.m */ = {isa = PBXFileReference; fileEncoding = 4; lastKnownFileType = sourcecode.c.objc; path = "NSString+Base64.m"; sourceTree = "<group>"; };
		BACDE69F10157558004CFB3C /* PropertyListWriter.h */ = {isa = PBXFileReference; fileEncoding = 4; lastKnownFileType = sourcecode.c.h; path = PropertyListWriter.h; sourceTree = "<group>"; };
		BACDE6A010157558004CFB3C /* PropertyListWriter.m */ = {isa = PBXFileReference; fileEncoding = 4; lastKnownFileType = sourcecode.c.objc; path = PropertyListWriter.m; sourceTree = "<group>"; };
/* End PBXFileReference section */

/* Begin PBXFrameworksBuildPhase section */
		5B9F01A417CFA39800FDD690 /* Frameworks */ = {
			isa = PBXFrameworksBuildPhase;
			buildActionMask = 2147483647;
			files = (
				5B9F01AA17CFA39800FDD690 /* Foundation.framework in Frameworks */,
			);
			runOnlyForDeploymentPostprocessing = 0;
		};
		5B9F01DB17D08D5900FDD690 /* Frameworks */ = {
			isa = PBXFrameworksBuildPhase;
			buildActionMask = 2147483647;
			files = (
				5B9F021217D0923400FDD690 /* UIKit.framework in Frameworks */,
				5B9F020D17D090FC00FDD690 /* libSortedDictionary.a in Frameworks */,
				5B9F020C17D08FF000FDD690 /* SenTestingKit.framework in Frameworks */,
				5B9F01E417D08D5900FDD690 /* Foundation.framework in Frameworks */,
			);
			runOnlyForDeploymentPostprocessing = 0;
		};
/* End PBXFrameworksBuildPhase section */

/* Begin PBXGroup section */
		034768DFFF38A50411DB9C8B /* Products */ = {
			isa = PBXGroup;
			children = (
				5B9F01A717CFA39800FDD690 /* libSortedDictionary.a */,
				5B9F01DF17D08D5900FDD690 /* SortedDictionaryUnitTests.octest */,
			);
			name = Products;
			sourceTree = "<group>";
		};
		0867D691FE84028FC02AAC07 /* SortedDictionary */ = {
			isa = PBXGroup;
			children = (
				5B9F01AB17CFA39800FDD690 /* SortedDictionary */,
				089C1665FE841158C02AAC07 /* Resources */,
				5B9F01E517D08D5900FDD690 /* SortedDictionaryUnitTests */,
				5B9F01A817CFA39800FDD690 /* Frameworks */,
				034768DFFF38A50411DB9C8B /* Products */,
			);
			name = SortedDictionary;
			sourceTree = "<group>";
		};
		089C1665FE841158C02AAC07 /* Resources */ = {
			isa = PBXGroup;
			children = (
				BACDE02E100AF79A004CFB3C /* UnitTests-Info.plist */,
				8DC2EF5A0486A6940098B216 /* Info.plist */,
				089C1666FE841158C02AAC07 /* InfoPlist.strings */,
				BACDE40A10125302004CFB3C /* test.plist */,
			);
			name = Resources;
			sourceTree = "<group>";
		};
		08FB77AEFE84172EC02AAC07 /* Classes */ = {
			isa = PBXGroup;
			children = (
				BACDDFF6100AF6E1004CFB3C /* SortedDictionary */,
			);
			name = Classes;
			path = ..;
			sourceTree = "<group>";
		};
		5B9F01A817CFA39800FDD690 /* Frameworks */ = {
			isa = PBXGroup;
			children = (
				5B9F021117D0923300FDD690 /* UIKit.framework */,
				5B9F01A917CFA39800FDD690 /* Foundation.framework */,
				5B9F020B17D08FEF00FDD690 /* SenTestingKit.framework */,
			);
			name = Frameworks;
			sourceTree = "<group>";
		};
		5B9F01AB17CFA39800FDD690 /* SortedDictionary */ = {
			isa = PBXGroup;
			children = (
				08FB77AEFE84172EC02AAC07 /* Classes */,
				5B9F01AC17CFA39800FDD690 /* Supporting Files */,
			);
			path = SortedDictionary;
			sourceTree = "<group>";
		};
		5B9F01AC17CFA39800FDD690 /* Supporting Files */ = {
			isa = PBXGroup;
			children = (
				BACDE07D100AFA7F004CFB3C /* doxygen.config */,
				5B9F01AD17CFA39800FDD690 /* SortedDictionary-Prefix.pch */,
			);
			name = "Supporting Files";
			sourceTree = "<group>";
		};
		5B9F01E517D08D5900FDD690 /* SortedDictionaryUnitTests */ = {
			isa = PBXGroup;
			children = (
				5B9F01F317D08DCD00FDD690 /* MutableSortedDictionaryContentTests.h */,
				5B9F01F417D08DCD00FDD690 /* MutableSortedDictionaryContentTests.m */,
				5B9F01F517D08DCD00FDD690 /* NSStringExtensionsTests.h */,
				5B9F01F617D08DCE00FDD690 /* NSStringExtensionsTests.m */,
				5B9F01F717D08DCE00FDD690 /* SortedDictionary+Test.h */,
				5B9F01F817D08DCE00FDD690 /* SortedDictionary+Test.m */,
				5B9F01F917D08DCE00FDD690 /* SortedDictionaryContentTests.h */,
				5B9F01FA17D08DCE00FDD690 /* SortedDictionaryContentTests.m */,
				5B9F01FB17D08DCE00FDD690 /* SortedDictionaryCreationTests.h */,
				5B9F01FC17D08DCE00FDD690 /* SortedDictionaryCreationTests.m */,
				5B9F01FD17D08DCE00FDD690 /* SortedDictionaryInitializationTests.h */,
				5B9F01FE17D08DCE00FDD690 /* SortedDictionaryInitializationTests.m */,
				5B9F01FF17D08DCE00FDD690 /* SortedDictionaryProtocolTests.h */,
				5B9F020017D08DCE00FDD690 /* SortedDictionaryProtocolTests.m */,
				5B9F020117D08DCE00FDD690 /* SortedDictionarySerializationTests.h */,
				5B9F020217D08DCE00FDD690 /* SortedDictionarySerializationTests.m */,
				5B9F021317D0932200FDD690 /* SortedDictionaryAdditions.h */,
				5B9F021417D0932200FDD690 /* SortedDictionaryAdditions.m */,
				5B9F01E617D08D5900FDD690 /* Supporting Files */,
			);
			path = SortedDictionaryUnitTests;
			sourceTree = "<group>";
		};
		5B9F01E617D08D5900FDD690 /* Supporting Files */ = {
			isa = PBXGroup;
			children = (
				5B9F01E717D08D5900FDD690 /* SortedDictionaryUnitTests-Info.plist */,
				5B9F01E817D08D5900FDD690 /* InfoPlist.strings */,
				5B9F01EE17D08D5900FDD690 /* SortedDictionaryUnitTests-Prefix.pch */,
			);
			name = "Supporting Files";
			sourceTree = "<group>";
		};
		BACDDFF6100AF6E1004CFB3C /* SortedDictionary */ = {
			isa = PBXGroup;
			children = (
				BACDDFF7100AF6E1004CFB3C /* Internal */,
				BACDE009100AF6E1004CFB3C /* Public */,
			);
			path = SortedDictionary;
			sourceTree = "<group>";
		};
		BACDDFF7100AF6E1004CFB3C /* Internal */ = {
			isa = PBXGroup;
			children = (
				BACDDFF8100AF6E1004CFB3C /* AvlTree.h */,
				BACDDFF9100AF6E1004CFB3C /* AvlTree.m */,
				BACDE11310103C15004CFB3C /* AvlTree+Private.h */,
				BACDE11410103C15004CFB3C /* AvlTree+Private.m */,
				BACDE3E510124985004CFB3C /* common.h */,
				BACDE3E610124985004CFB3C /* common.m */,
				BACDE003100AF6E1004CFB3C /* Node.h */,
				BACDE004100AF6E1004CFB3C /* Node.m */,
				BACDE4F11013BD22004CFB3C /* NSString+Base64.h */,
				BACDE4F21013BD22004CFB3C /* NSString+Base64.m */,
				BACDE005100AF6E1004CFB3C /* NSString+Indent.h */,
				BACDE006100AF6E1004CFB3C /* NSString+Indent.m */,
				BACDE007100AF6E1004CFB3C /* SortedDictionary+Private.h */,
				BACDE008100AF6E1004CFB3C /* SortedDictionary+Private.m */,
				BACDDFFA100AF6E1004CFB3C /* Enumerators */,
				BACDE46810129755004CFB3C /* Serialization */,
			);
			path = Internal;
			sourceTree = "<group>";
		};
		BACDDFFA100AF6E1004CFB3C /* Enumerators */ = {
			isa = PBXGroup;
			children = (
				BACDDFFD100AF6E1004CFB3C /* KeyEnumerator.h */,
				BACDDFFE100AF6E1004CFB3C /* KeyEnumerator.m */,
				BACDDFFF100AF6E1004CFB3C /* EntryEnumerator.h */,
				BACDE000100AF6E1004CFB3C /* EntryEnumerator.m */,
				BACDE2661011894E004CFB3C /* EntryEnumerator+Private.h */,
				BACDE2671011894E004CFB3C /* EntryEnumerator+Private.m */,
				BACDE001100AF6E1004CFB3C /* ObjectEnumerator.h */,
				BACDE002100AF6E1004CFB3C /* ObjectEnumerator.m */,
			);
			path = Enumerators;
			sourceTree = "<group>";
		};
		BACDE009100AF6E1004CFB3C /* Public */ = {
			isa = PBXGroup;
			children = (
				BACDE00A100AF6E1004CFB3C /* MutableSortedDictionary.h */,
				BACDE00B100AF6E1004CFB3C /* MutableSortedDictionary.m */,
				BACDE00E100AF6E1004CFB3C /* SortedDictionary.h */,
				BACDE00F100AF6E1004CFB3C /* SortedDictionary.m */,
				BACDE2111011834C004CFB3C /* SortedDictionaryEntry.h */,
			);
			path = Public;
			sourceTree = "<group>";
		};
		BACDE46810129755004CFB3C /* Serialization */ = {
			isa = PBXGroup;
			children = (
				BACDE46910129796004CFB3C /* PropertyListReader.h */,
				BACDE46A10129796004CFB3C /* PropertyListReader.m */,
				BACDE69F10157558004CFB3C /* PropertyListWriter.h */,
				BACDE6A010157558004CFB3C /* PropertyListWriter.m */,
			);
			path = Serialization;
			sourceTree = "<group>";
		};
/* End PBXGroup section */

/* Begin PBXHeadersBuildPhase section */
		5B9F01D617D084A500FDD690 /* Headers */ = {
			isa = PBXHeadersBuildPhase;
			buildActionMask = 2147483647;
			files = (
				5B9F01D717D0853000FDD690 /* MutableSortedDictionary.h in Headers */,
				5B9F01D817D0853000FDD690 /* SortedDictionary.h in Headers */,
				5B9F01D917D0853000FDD690 /* SortedDictionaryEntry.h in Headers */,
			);
			runOnlyForDeploymentPostprocessing = 0;
		};
/* End PBXHeadersBuildPhase section */

/* Begin PBXNativeTarget section */
		5B9F01A617CFA39800FDD690 /* SortedDictionary */ = {
			isa = PBXNativeTarget;
			buildConfigurationList = 5B9F01B217CFA39800FDD690 /* Build configuration list for PBXNativeTarget "SortedDictionary" */;
			buildPhases = (
				5B9F01A317CFA39800FDD690 /* Sources */,
				5B9F01A417CFA39800FDD690 /* Frameworks */,
				5B9F01A517CFA39800FDD690 /* CopyFiles */,
				5B9F01D617D084A500FDD690 /* Headers */,
			);
			buildRules = (
			);
			dependencies = (
			);
			name = SortedDictionary;
			productName = SortedDictionary;
			productReference = 5B9F01A717CFA39800FDD690 /* libSortedDictionary.a */;
			productType = "com.apple.product-type.library.static";
		};
		5B9F01DE17D08D5900FDD690 /* SortedDictionaryUnitTests */ = {
			isa = PBXNativeTarget;
			buildConfigurationList = 5B9F01EF17D08D5900FDD690 /* Build configuration list for PBXNativeTarget "SortedDictionaryUnitTests" */;
			buildPhases = (
				5B9F01DA17D08D5900FDD690 /* Sources */,
				5B9F01DB17D08D5900FDD690 /* Frameworks */,
				5B9F01DC17D08D5900FDD690 /* Resources */,
				5B9F01DD17D08D5900FDD690 /* ShellScript */,
			);
			buildRules = (
			);
			dependencies = (
			);
			name = SortedDictionaryUnitTests;
			productName = SortedDictionaryUnitTests;
			productReference = 5B9F01DF17D08D5900FDD690 /* SortedDictionaryUnitTests.octest */;
			productType = "com.apple.product-type.bundle";
		};
/* End PBXNativeTarget section */

/* Begin PBXProject section */
		0867D690FE84028FC02AAC07 /* Project object */ = {
			isa = PBXProject;
			attributes = {
				LastUpgradeCheck = 0500;
			};
			buildConfigurationList = 1DEB91B108733DA50010E9CD /* Build configuration list for PBXProject "SortedDictionary" */;
			compatibilityVersion = "Xcode 3.2";
			developmentRegion = English;
			hasScannedForEncodings = 1;
			knownRegions = (
				en,
			);
			mainGroup = 0867D691FE84028FC02AAC07 /* SortedDictionary */;
			productRefGroup = 034768DFFF38A50411DB9C8B /* Products */;
			projectDirPath = "";
			projectRoot = "";
			targets = (
				5B9F01A617CFA39800FDD690 /* SortedDictionary */,
				5B9F01DE17D08D5900FDD690 /* SortedDictionaryUnitTests */,
			);
		};
/* End PBXProject section */

/* Begin PBXResourcesBuildPhase section */
		5B9F01DC17D08D5900FDD690 /* Resources */ = {
			isa = PBXResourcesBuildPhase;
			buildActionMask = 2147483647;
			files = (
				5B9F021617D09C3200FDD690 /* test.plist in Resources */,
				5B9F01EA17D08D5900FDD690 /* InfoPlist.strings in Resources */,
			);
			runOnlyForDeploymentPostprocessing = 0;
		};
/* End PBXResourcesBuildPhase section */

/* Begin PBXShellScriptBuildPhase section */
		5B9F01DD17D08D5900FDD690 /* ShellScript */ = {
			isa = PBXShellScriptBuildPhase;
			buildActionMask = 2147483647;
			files = (
			);
			inputPaths = (
			);
			outputPaths = (
			);
			runOnlyForDeploymentPostprocessing = 0;
			shellPath = /bin/sh;
			shellScript = "# Run the unit tests in this test bundle.\n\"${SYSTEM_DEVELOPER_DIR}/Tools/RunUnitTests\"\n";
		};
/* End PBXShellScriptBuildPhase section */

/* Begin PBXSourcesBuildPhase section */
		5B9F01A317CFA39800FDD690 /* Sources */ = {
			isa = PBXSourcesBuildPhase;
			buildActionMask = 2147483647;
			files = (
				5B9F01D517D0812900FDD690 /* common.m in Sources */,
				5B9F01D117CFA45900FDD690 /* MutableSortedDictionary.m in Sources */,
				5B9F01D317CFA45900FDD690 /* SortedDictionary.m in Sources */,
				5B9F01C917CFA45200FDD690 /* KeyEnumerator.m in Sources */,
				5B9F01CB17CFA45200FDD690 /* EntryEnumerator.m in Sources */,
				5B9F01CD17CFA45200FDD690 /* EntryEnumerator+Private.m in Sources */,
				5B9F01CF17CFA45200FDD690 /* ObjectEnumerator.m in Sources */,
				5B9F01C517CFA44D00FDD690 /* PropertyListReader.m in Sources */,
				5B9F01C717CFA44D00FDD690 /* PropertyListWriter.m in Sources */,
				5B9F01B717CFA44700FDD690 /* AvlTree.m in Sources */,
				5B9F01B917CFA44700FDD690 /* AvlTree+Private.m in Sources */,
				5B9F01BD17CFA44700FDD690 /* Node.m in Sources */,
				5B9F01BF17CFA44700FDD690 /* NSString+Base64.m in Sources */,
				5B9F01C117CFA44700FDD690 /* NSString+Indent.m in Sources */,
				5B9F01C317CFA44700FDD690 /* SortedDictionary+Private.m in Sources */,
			);
			runOnlyForDeploymentPostprocessing = 0;
		};
		5B9F01DA17D08D5900FDD690 /* Sources */ = {
			isa = PBXSourcesBuildPhase;
			buildActionMask = 2147483647;
			files = (
				5B9F020317D08DCE00FDD690 /* MutableSortedDictionaryContentTests.m in Sources */,
				5B9F020417D08DCE00FDD690 /* NSStringExtensionsTests.m in Sources */,
				5B9F020517D08DCE00FDD690 /* SortedDictionary+Test.m in Sources */,
				5B9F020617D08DCE00FDD690 /* SortedDictionaryContentTests.m in Sources */,
				5B9F020717D08DCE00FDD690 /* SortedDictionaryCreationTests.m in Sources */,
				5B9F020817D08DCE00FDD690 /* SortedDictionaryInitializationTests.m in Sources */,
				5B9F020917D08DCE00FDD690 /* SortedDictionaryProtocolTests.m in Sources */,
				5B9F020A17D08DCE00FDD690 /* SortedDictionarySerializationTests.m in Sources */,
				5B9F021517D0932300FDD690 /* SortedDictionaryAdditions.m in Sources */,
			);
			runOnlyForDeploymentPostprocessing = 0;
		};
/* End PBXSourcesBuildPhase section */

/* Begin PBXVariantGroup section */
		089C1666FE841158C02AAC07 /* InfoPlist.strings */ = {
			isa = PBXVariantGroup;
			children = (
				089C1667FE841158C02AAC07 /* English */,
			);
			name = InfoPlist.strings;
			sourceTree = "<group>";
		};
		5B9F01E817D08D5900FDD690 /* InfoPlist.strings */ = {
			isa = PBXVariantGroup;
			children = (
				5B9F01E917D08D5900FDD690 /* en */,
			);
			name = InfoPlist.strings;
			sourceTree = "<group>";
		};
/* End PBXVariantGroup section */

/* Begin XCBuildConfiguration section */
		1DEB91B208733DA50010E9CD /* Debug */ = {
			isa = XCBuildConfiguration;
			buildSettings = {
				CODE_SIGN_IDENTITY = "";
				GCC_C_LANGUAGE_STANDARD = c99;
				GCC_OPTIMIZATION_LEVEL = 0;
				GCC_WARN_ABOUT_RETURN_TYPE = YES;
				GCC_WARN_UNUSED_VARIABLE = YES;
				IPHONEOS_DEPLOYMENT_TARGET = 5.0;
				ONLY_ACTIVE_ARCH = YES;
				SDKROOT = iphoneos;
				SKIP_INSTALL = YES;
			};
			name = Debug;
		};
		1DEB91B308733DA50010E9CD /* Release */ = {
			isa = XCBuildConfiguration;
			buildSettings = {
				CODE_SIGN_IDENTITY = "";
				GCC_C_LANGUAGE_STANDARD = c99;
				GCC_WARN_ABOUT_RETURN_TYPE = YES;
				GCC_WARN_UNUSED_VARIABLE = YES;
				IPHONEOS_DEPLOYMENT_TARGET = 5.0;
				SDKROOT = iphoneos;
				SKIP_INSTALL = YES;
			};
			name = Release;
		};
		5B9F01B317CFA39800FDD690 /* Debug */ = {
			isa = XCBuildConfiguration;
			buildSettings = {
				ALWAYS_SEARCH_USER_PATHS = NO;
				CLANG_CXX_LANGUAGE_STANDARD = "gnu++0x";
				CLANG_CXX_LIBRARY = "libc++";
				CLANG_ENABLE_OBJC_ARC = YES;
				CLANG_WARN_CONSTANT_CONVERSION = YES;
				CLANG_WARN_EMPTY_BODY = YES;
				CLANG_WARN_ENUM_CONVERSION = YES;
				CLANG_WARN_INT_CONVERSION = YES;
				CLANG_WARN__DUPLICATE_METHOD_MATCH = YES;
				COPY_PHASE_STRIP = NO;
				DEPLOYMENT_LOCATION = YES;
				DSTROOT = "$(PROJECT_DIR)/install";
				GCC_C_LANGUAGE_STANDARD = gnu99;
				GCC_DYNAMIC_NO_PIC = NO;
				GCC_PRECOMPILE_PREFIX_HEADER = YES;
				GCC_PREFIX_HEADER = "SortedDictionary/SortedDictionary-Prefix.pch";
				GCC_PREPROCESSOR_DEFINITIONS = (
					"DEBUG=1",
					"$(inherited)",
				);
				GCC_SYMBOLS_PRIVATE_EXTERN = NO;
				GCC_WARN_UNINITIALIZED_AUTOS = YES;
				INSTALL_PATH = /;
				ONLY_ACTIVE_ARCH = NO;
				OTHER_LDFLAGS = (
					"-ObjC",
					"-all_load",
				);
				PRIVATE_HEADERS_FOLDER_PATH = "$(PUBLIC_HEADERS_FOLDER_PATH)/Private";
				PRODUCT_NAME = "$(TARGET_NAME)";
				PUBLIC_HEADERS_FOLDER_PATH = "include/$(TARGET_NAME)";
				VALID_ARCHS = "armv7 armv7s i386 arm64";
			};
			name = Debug;
		};
		5B9F01B417CFA39800FDD690 /* Debug and Documentation */ = {
			isa = XCBuildConfiguration;
			buildSettings = {
				ALWAYS_SEARCH_USER_PATHS = NO;
				CLANG_CXX_LANGUAGE_STANDARD = "gnu++0x";
				CLANG_CXX_LIBRARY = "libc++";
				CLANG_ENABLE_OBJC_ARC = YES;
				CLANG_WARN_CONSTANT_CONVERSION = YES;
				CLANG_WARN_EMPTY_BODY = YES;
				CLANG_WARN_ENUM_CONVERSION = YES;
				CLANG_WARN_INT_CONVERSION = YES;
				CLANG_WARN__DUPLICATE_METHOD_MATCH = YES;
				COPY_PHASE_STRIP = NO;
				DEPLOYMENT_LOCATION = YES;
				DSTROOT = "$(PROJECT_DIR)/install";
				GCC_C_LANGUAGE_STANDARD = gnu99;
				GCC_DYNAMIC_NO_PIC = NO;
				GCC_PRECOMPILE_PREFIX_HEADER = YES;
				GCC_PREFIX_HEADER = "SortedDictionary/SortedDictionary-Prefix.pch";
				GCC_PREPROCESSOR_DEFINITIONS = (
					"DEBUG=1",
					"$(inherited)",
				);
				GCC_SYMBOLS_PRIVATE_EXTERN = NO;
				GCC_WARN_UNINITIALIZED_AUTOS = YES;
				INSTALL_PATH = /;
				ONLY_ACTIVE_ARCH = NO;
				OTHER_LDFLAGS = (
					"-ObjC",
					"-all_load",
				);
				PRIVATE_HEADERS_FOLDER_PATH = "$(PUBLIC_HEADERS_FOLDER_PATH)/Private";
				PRODUCT_NAME = "$(TARGET_NAME)";
				PUBLIC_HEADERS_FOLDER_PATH = "include/$(TARGET_NAME)";
				VALID_ARCHS = "armv7 armv7s i386 arm64";
			};
			name = "Debug and Documentation";
		};
		5B9F01B517CFA39800FDD690 /* Release */ = {
			isa = XCBuildConfiguration;
			buildSettings = {
				ALWAYS_SEARCH_USER_PATHS = NO;
				CLANG_CXX_LANGUAGE_STANDARD = "gnu++0x";
				CLANG_CXX_LIBRARY = "libc++";
				CLANG_ENABLE_OBJC_ARC = YES;
				CLANG_WARN_CONSTANT_CONVERSION = YES;
				CLANG_WARN_EMPTY_BODY = YES;
				CLANG_WARN_ENUM_CONVERSION = YES;
				CLANG_WARN_INT_CONVERSION = YES;
				CLANG_WARN__DUPLICATE_METHOD_MATCH = YES;
				COPY_PHASE_STRIP = YES;
				DEPLOYMENT_LOCATION = YES;
				DSTROOT = "$(PROJECT_DIR)/install";
				GCC_C_LANGUAGE_STANDARD = gnu99;
				GCC_PRECOMPILE_PREFIX_HEADER = YES;
				GCC_PREFIX_HEADER = "SortedDictionary/SortedDictionary-Prefix.pch";
				GCC_WARN_UNINITIALIZED_AUTOS = YES;
				INSTALL_PATH = /;
				ONLY_ACTIVE_ARCH = NO;
				OTHER_LDFLAGS = (
					"-ObjC",
					"-all_load",
				);
				PRIVATE_HEADERS_FOLDER_PATH = "$(PUBLIC_HEADERS_FOLDER_PATH)/Private";
				PRODUCT_NAME = "$(TARGET_NAME)";
				PUBLIC_HEADERS_FOLDER_PATH = "include/$(TARGET_NAME)";
				VALIDATE_PRODUCT = YES;
				VALID_ARCHS = "armv7 armv7s i386 arm64";
			};
			name = Release;
		};
		5B9F01F017D08D5900FDD690 /* Debug */ = {
			isa = XCBuildConfiguration;
			buildSettings = {
				ALWAYS_SEARCH_USER_PATHS = NO;
				CLANG_CXX_LANGUAGE_STANDARD = "gnu++0x";
				CLANG_CXX_LIBRARY = "libc++";
				CLANG_ENABLE_OBJC_ARC = YES;
				CLANG_WARN_CONSTANT_CONVERSION = YES;
				CLANG_WARN_EMPTY_BODY = YES;
				CLANG_WARN_ENUM_CONVERSION = YES;
				CLANG_WARN_INT_CONVERSION = YES;
				CLANG_WARN__DUPLICATE_METHOD_MATCH = YES;
				COPY_PHASE_STRIP = NO;
				FRAMEWORK_SEARCH_PATHS = (
					"\"$(SDKROOT)/Developer/Library/Frameworks\"",
					"\"$(DEVELOPER_LIBRARY_DIR)/Frameworks\"",
				);
				GCC_C_LANGUAGE_STANDARD = gnu99;
				GCC_DYNAMIC_NO_PIC = NO;
				GCC_PRECOMPILE_PREFIX_HEADER = YES;
				GCC_PREFIX_HEADER = "SortedDictionaryUnitTests/SortedDictionaryUnitTests-Prefix.pch";
				GCC_PREPROCESSOR_DEFINITIONS = (
					"DEBUG=1",
					"$(inherited)",
				);
				GCC_SYMBOLS_PRIVATE_EXTERN = NO;
				GCC_WARN_UNINITIALIZED_AUTOS = YES;
				INFOPLIST_FILE = "SortedDictionaryUnitTests/SortedDictionaryUnitTests-Info.plist";
				IPHONEOS_DEPLOYMENT_TARGET = 6.1;
				OTHER_LDFLAGS = "-ObjC";
				PRODUCT_NAME = "$(TARGET_NAME)";
				VALID_ARCHS = "armv7 armv7s i386";
				WRAPPER_EXTENSION = octest;
			};
			name = Debug;
		};
		5B9F01F117D08D5900FDD690 /* Debug and Documentation */ = {
			isa = XCBuildConfiguration;
			buildSettings = {
				ALWAYS_SEARCH_USER_PATHS = NO;
				CLANG_CXX_LANGUAGE_STANDARD = "gnu++0x";
				CLANG_CXX_LIBRARY = "libc++";
				CLANG_ENABLE_OBJC_ARC = YES;
				CLANG_WARN_CONSTANT_CONVERSION = YES;
				CLANG_WARN_EMPTY_BODY = YES;
				CLANG_WARN_ENUM_CONVERSION = YES;
				CLANG_WARN_INT_CONVERSION = YES;
				CLANG_WARN__DUPLICATE_METHOD_MATCH = YES;
				COPY_PHASE_STRIP = NO;
				FRAMEWORK_SEARCH_PATHS = (
					"\"$(SDKROOT)/Developer/Library/Frameworks\"",
					"\"$(DEVELOPER_LIBRARY_DIR)/Frameworks\"",
				);
				GCC_C_LANGUAGE_STANDARD = gnu99;
				GCC_DYNAMIC_NO_PIC = NO;
				GCC_PRECOMPILE_PREFIX_HEADER = YES;
				GCC_PREFIX_HEADER = "SortedDictionaryUnitTests/SortedDictionaryUnitTests-Prefix.pch";
				GCC_PREPROCESSOR_DEFINITIONS = (
					"DEBUG=1",
					"$(inherited)",
				);
				GCC_SYMBOLS_PRIVATE_EXTERN = NO;
				GCC_WARN_UNINITIALIZED_AUTOS = YES;
				INFOPLIST_FILE = "SortedDictionaryUnitTests/SortedDictionaryUnitTests-Info.plist";
				IPHONEOS_DEPLOYMENT_TARGET = 6.1;
				OTHER_LDFLAGS = "-ObjC";
				PRODUCT_NAME = "$(TARGET_NAME)";
				VALID_ARCHS = "armv7 armv7s i386";
				WRAPPER_EXTENSION = octest;
			};
			name = "Debug and Documentation";
		};
		5B9F01F217D08D5900FDD690 /* Release */ = {
			isa = XCBuildConfiguration;
			buildSettings = {
				ALWAYS_SEARCH_USER_PATHS = NO;
				CLANG_CXX_LANGUAGE_STANDARD = "gnu++0x";
				CLANG_CXX_LIBRARY = "libc++";
				CLANG_ENABLE_OBJC_ARC = YES;
				CLANG_WARN_CONSTANT_CONVERSION = YES;
				CLANG_WARN_EMPTY_BODY = YES;
				CLANG_WARN_ENUM_CONVERSION = YES;
				CLANG_WARN_INT_CONVERSION = YES;
				CLANG_WARN__DUPLICATE_METHOD_MATCH = YES;
				COPY_PHASE_STRIP = YES;
				FRAMEWORK_SEARCH_PATHS = (
					"\"$(SDKROOT)/Developer/Library/Frameworks\"",
					"\"$(DEVELOPER_LIBRARY_DIR)/Frameworks\"",
				);
				GCC_C_LANGUAGE_STANDARD = gnu99;
				GCC_PRECOMPILE_PREFIX_HEADER = YES;
				GCC_PREFIX_HEADER = "SortedDictionaryUnitTests/SortedDictionaryUnitTests-Prefix.pch";
				GCC_WARN_UNINITIALIZED_AUTOS = YES;
				INFOPLIST_FILE = "SortedDictionaryUnitTests/SortedDictionaryUnitTests-Info.plist";
				IPHONEOS_DEPLOYMENT_TARGET = 6.1;
				OTHER_LDFLAGS = "-ObjC";
				PRODUCT_NAME = "$(TARGET_NAME)";
				VALIDATE_PRODUCT = YES;
				VALID_ARCHS = "armv7 armv7s i386";
				WRAPPER_EXTENSION = octest;
			};
			name = Release;
		};
		BA81A681101822E5007A2DE1 /* Debug and Documentation */ = {
			isa = XCBuildConfiguration;
			buildSettings = {
				CODE_SIGN_IDENTITY = "";
				GCC_C_LANGUAGE_STANDARD = c99;
				GCC_OPTIMIZATION_LEVEL = 0;
				GCC_WARN_ABOUT_RETURN_TYPE = YES;
				GCC_WARN_UNUSED_VARIABLE = YES;
				IPHONEOS_DEPLOYMENT_TARGET = 5.0;
				ONLY_ACTIVE_ARCH = YES;
				SDKROOT = iphoneos;
				SKIP_INSTALL = YES;
			};
			name = "Debug and Documentation";
		};
/* End XCBuildConfiguration section */

/* Begin XCConfigurationList section */
		1DEB91B108733DA50010E9CD /* Build configuration list for PBXProject "SortedDictionary" */ = {
			isa = XCConfigurationList;
			buildConfigurations = (
				1DEB91B208733DA50010E9CD /* Debug */,
				BA81A681101822E5007A2DE1 /* Debug and Documentation */,
				1DEB91B308733DA50010E9CD /* Release */,
			);
			defaultConfigurationIsVisible = 0;
			defaultConfigurationName = Release;
		};
		5B9F01B217CFA39800FDD690 /* Build configuration list for PBXNativeTarget "SortedDictionary" */ = {
			isa = XCConfigurationList;
			buildConfigurations = (
				5B9F01B317CFA39800FDD690 /* Debug */,
				5B9F01B417CFA39800FDD690 /* Debug and Documentation */,
				5B9F01B517CFA39800FDD690 /* Release */,
			);
			defaultConfigurationIsVisible = 0;
			defaultConfigurationName = Release;
		};
		5B9F01EF17D08D5900FDD690 /* Build configuration list for PBXNativeTarget "SortedDictionaryUnitTests" */ = {
			isa = XCConfigurationList;
			buildConfigurations = (
				5B9F01F017D08D5900FDD690 /* Debug */,
				5B9F01F117D08D5900FDD690 /* Debug and Documentation */,
				5B9F01F217D08D5900FDD690 /* Release */,
			);
			defaultConfigurationIsVisible = 0;
			defaultConfigurationName = Release;
		};
/* End XCConfigurationList section */
	};
	rootObject = 0867D690FE84028FC02AAC07 /* Project object */;
}
